{
  "version": "5",
  "redirects": {
    "https://esm.sh/@supabase/supabase-js@2": "https://esm.sh/@supabase/supabase-js@2.99.3",
    "https://esm.sh/iceberg-js@^0.8.1?target=denonext": "https://esm.sh/iceberg-js@0.8.1?target=denonext"
  },
  "remote": {
    "https://deno.land/std@0.168.0/async/abortable.ts": "80b2ac399f142cc528f95a037a7d0e653296352d95c681e284533765961de409",
    "https://deno.land/std@0.168.0/async/deadline.ts": "2c2deb53c7c28ca1dda7a3ad81e70508b1ebc25db52559de6b8636c9278fd41f",
    "https://deno.land/std@0.168.0/async/debounce.ts": "60301ffb37e730cd2d6f9dadfd0ecb2a38857681bd7aaf6b0a106b06e5210a98",
    "https://deno.land/std@0.168.0/async/deferred.ts": "77d3f84255c3627f1cc88699d8472b664d7635990d5358c4351623e098e917d6",
    "https://deno.land/std@0.168.0/async/delay.ts": "5a9bfba8de38840308a7a33786a0155a7f6c1f7a859558ddcec5fe06e16daf57",
    "https://deno.land/std@0.168.0/async/mod.ts": "7809ad4bb223e40f5fdc043e5c7ca04e0e25eed35c32c3c32e28697c553fa6d9",
    "https://deno.land/std@0.168.0/async/mux_async_iterator.ts": "770a0ff26c59f8bbbda6b703a2235f04e379f73238e8d66a087edc68c2a2c35f",
    "https://deno.land/std@0.168.0/async/pool.ts": "6854d8cd675a74c73391c82005cbbe4cc58183bddcd1fbbd7c2bcda42b61cf69",
    "https://deno.land/std@0.168.0/async/retry.ts": "e8e5173623915bbc0ddc537698fa418cf875456c347eda1ed453528645b42e67",
    "https://deno.land/std@0.168.0/async/tee.ts": "3a47cc4e9a940904fd4341f0224907e199121c80b831faa5ec2b054c6d2eff5e",
    "https://deno.land/std@0.168.0/http/server.ts": "e99c1bee8a3f6571ee4cdeb2966efad465b8f6fe62bec1bdb59c1f007cc4d155",
    "https://esm.sh/@supabase/auth-js@2.99.3/denonext/auth-js.mjs": "7221b207de0fcf66b12ab365ce1249f6c822c9c94e90330998f3bd96d42497e2",
    "https://esm.sh/@supabase/functions-js@2.99.3/denonext/functions-js.mjs": "5f507faa54f4e788c3a3e02b22deb4ef19f5e6366ae2201c52c0417ceb4680fd",
    "https://esm.sh/@supabase/postgrest-js@2.99.3/denonext/postgrest-js.mjs": "066eb7abbe2bf2f477719afef31dc0038fb996f71ada53c5744f115960e08d05",
    "https://esm.sh/@supabase/realtime-js@2.99.3/denonext/realtime-js.mjs": "e969533fe09c7ef6e1b961e0c821bd598dace5dd332476e9a4ff38d3a712c258",
    "https://esm.sh/@supabase/storage-js@2.99.3/denonext/storage-js.mjs": "e96730599fbf773dc50de17ba61478c991c52fdff8f8c308abef428679a44ef3",
    "https://esm.sh/@supabase/supabase-js@2.99.3": "043625cad1798d7e165a9cfcea145ac7d309c34786e5558023fecbcf565abfc7",
    "https://esm.sh/@supabase/supabase-js@2.99.3/denonext/supabase-js.mjs": "af4d9b87a8acdeea13eed5905469ba5927d2286fade34fa785c5e8bdd67ff287",
    "https://esm.sh/iceberg-js@0.8.1/denonext/iceberg-js.mjs": "d839d81a2e3966500ca2cdd0c1cb458e9608bacfc91f7bb67a69b2e878dcdb4f",
    "https://esm.sh/iceberg-js@0.8.1?target=denonext": "58c849d7fe2bf4eca4a84eb501e83c161a7d8c34ca1bec15a962b3bec3062633",
    "https://esm.sh/tslib@2.8.1/denonext/tslib.mjs": "c38da5dd6da6281964435002ce204cd586634fe3bdfb24a0ee116f48cf3292e9"
  },
  "workspace": {
    "packageJson": {
      "dependencies": [
        "npm:@eslint/js@^9.39.4",
        "npm:@hookform/resolvers@^5.2.2",
        "npm:@radix-ui/react-accordion@^1.2.12",
        "npm:@radix-ui/react-alert-dialog@^1.1.15",
        "npm:@radix-ui/react-avatar@^1.1.11",
        "npm:@radix-ui/react-checkbox@^1.3.3",
        "npm:@radix-ui/react-dialog@^1.1.15",
        "npm:@radix-ui/react-dropdown-menu@^2.1.16",
        "npm:@radix-ui/react-label@^2.1.8",
        "npm:@radix-ui/react-popover@^1.1.15",
        "npm:@radix-ui/react-progress@^1.1.8",
        "npm:@radix-ui/react-scroll-area@^1.2.10",
        "npm:@radix-ui/react-select@^2.2.6",
        "npm:@radix-ui/react-separator@^1.1.8",
        "npm:@radix-ui/react-slot@^1.2.4",
        "npm:@radix-ui/react-switch@^1.2.6",
        "npm:@radix-ui/react-tabs@^1.1.13",
        "npm:@radix-ui/react-toast@^1.2.15",
        "npm:@radix-ui/react-tooltip@^1.2.8",
        "npm:@supabase/supabase-js@^2.99.3",
        "npm:@tailwindcss/typography@~0.5.19",
        "npm:@tanstack/react-query@^5.91.2",
        "npm:@types/node@^24.12.0",
        "npm:@types/react-dom@^19.2.3",
        "npm:@types/react@^19.2.14",
        "npm:@vitejs/plugin-react@^6.0.1",
        "npm:autoprefixer@^10.4.27",
        "npm:class-variance-authority@~0.7.1",
        "npm:clsx@^2.1.1",
        "npm:cmdk@^1.1.1",
        "npm:date-fns@^4.1.0",
        "npm:embla-carousel-react@^8.6.0",
        "npm:eslint-plugin-react-hooks@^7.0.1",
        "npm:eslint-plugin-react-refresh@~0.5.2",
        "npm:eslint@^9.39.4",
        "npm:globals@^17.4.0",
        "npm:input-otp@^1.4.2",
        "npm:lucide-react@0.577",
        "npm:next-themes@~0.4.6",
        "npm:postcss@^8.5.8",
        "npm:react-day-picker@^9.14.0",
        "npm:react-dom@^19.2.4",
        "npm:react-hook-form@^7.71.2",
        "npm:react-resizable-panels@^4.7.3",
        "npm:react-router-dom@^7.13.1",
        "npm:react@^19.2.4",
        "npm:recharts@^3.8.0",
        "npm:sonner@^2.0.7",
        "npm:tailwind-merge@^3.5.0",
        "npm:tailwindcss-animate@^1.0.7",
        "npm:tailwindcss@^3.4.19",
        "npm:typescript-eslint@^8.57.0",
        "npm:typescript@~5.9.3",
        "npm:vaul@^1.1.2",
        "npm:vite@^8.0.1",
        "npm:zod@^4.3.6"
      ]
    }
  }
}
